
Microsoft Visual Studio Solution File, Format Version 12.00
# Visual Studio 15
VisualStudioVersion = 15.0.26730.3
MinimumVisualStudioVersion = 10.0.40219.1
Project("{9A19103F-16F7-4668-BE54-9A1E7A4F7556}") = "TrafficMonitor.Auth", "TrafficMonitor.Auth\TrafficMonitor.Auth.csproj", "{294DB0CC-72D0-43C9-8317-6904AD8A88C3}"
EndProject
Project("{9A19103F-16F7-4668-BE54-9A1E7A4F7556}") = "MvcClient", "..\MvcClient\MvcClient.csproj", "{F9F22CD4-711A-44A3-BE5E-909B883194B4}"
EndProject
Global
	GlobalSection(SolutionConfigurationPlatforms) = preSolution
		Debug|Any CPU = Debug|Any CPU
		Release|Any CPU = Release|Any CPU
	EndGlobalSection
	GlobalSection(ProjectConfigurationPlatforms) = postSolution
		{294DB0CC-72D0-43C9-8317-6904AD8A88C3}.Debug|Any CPU.ActiveCfg = Debug|Any CPU
		{294DB0CC-72D0-43C9-8317-6904AD8A88C3}.Debug|Any CPU.Build.0 = Debug|Any CPU
		{294DB0CC-72D0-43C9-8317-6904AD8A88C3}.Release|Any CPU.ActiveCfg = Release|Any CPU
		{294DB0CC-72D0-43C9-8317-6904AD8A88C3}.Release|Any CPU.Build.0 = Release|Any CPU
		{F9F22CD4-711A-44A3-BE5E-909B883194B4}.Debug|Any CPU.ActiveCfg = Debug|Any CPU
		{F9F22CD4-711A-44A3-BE5E-909B883194B4}.Debug|Any CPU.Build.0 = Debug|Any CPU
		{F9F22CD4-711A-44A3-BE5E-909B883194B4}.Release|Any CPU.ActiveCfg = Release|Any CPU
		{F9F22CD4-711A-44A3-BE5E-909B883194B4}.Release|Any CPU.Build.0 = Release|Any CPU
	EndGlobalSection
	GlobalSection(SolutionProperties) = preSolution
		HideSolutionNode = FALSE
	EndGlobalSection
	GlobalSection(ExtensibilityGlobals) = postSolution
		SolutionGuid = {56E220E7-9DA9-4F59-B7AC-EDF8603C78F4}
	EndGlobalSection
EndGlobal
